
Microsoft Visual Studio Solution File, Format Version 12.00
# Visual Studio 15
VisualStudioVersion = 15.0.26124.0
MinimumVisualStudioVersion = 15.0.26124.0
Project("{FAE04EC0-301F-11D3-BF4B-00C04F79EFBC}") = "01.ReadText", "01.ReadText\01.ReadText.csproj", "{077CD732-AE19-491A-A623-D0D796735134}"
EndProject
Project("{FAE04EC0-301F-11D3-BF4B-00C04F79EFBC}") = "02.Password", "02.Password\02.Password.csproj", "{B6FA036E-46AF-4881-9204-EAA82B95EBF1}"
EndProject
Project("{FAE04EC0-301F-11D3-BF4B-00C04F79EFBC}") = "03.SumNumbers", "03.SumNumbers\03.SumNumbers.csproj", "{CEF1F353-79ED-4A20-87F0-5E3DA878AC3F}"
EndProject
Project("{FAE04EC0-301F-11D3-BF4B-00C04F79EFBC}") = "04.Sequence2kPlus1", "04.Sequence2kPlus1\04.Sequence2kPlus1.csproj", "{16022DCB-F0F2-4938-B0C4-D934F20B4BF8}"
EndProject
Project("{FAE04EC0-301F-11D3-BF4B-00C04F79EFBC}") = "05.AccountBalance", "05.AccountBalance\05.AccountBalance.csproj", "{8430D518-2195-4FC3-A24E-1716460AB07E}"
EndProject
Project("{FAE04EC0-301F-11D3-BF4B-00C04F79EFBC}") = "06.MaxNumber", "06.MaxNumber\06.MaxNumber.csproj", "{0F7D7841-C00C-481E-B338-BF7BA53B9F94}"
EndProject
Project("{FAE04EC0-301F-11D3-BF4B-00C04F79EFBC}") = "07.MinNumber", "07.MinNumber\07.MinNumber.csproj", "{F3F46521-F5E3-437E-A06A-9F3A7915BA8C}"
EndProject
Project("{FAE04EC0-301F-11D3-BF4B-00C04F79EFBC}") = "08.GraduationPt2", "08.GraduationPt2\08.GraduationPt2.csproj", "{21CD65D3-4724-4535-85A0-EE5966C3D877}"
EndProject
Project("{FAE04EC0-301F-11D3-BF4B-00C04F79EFBC}") = "09.Moving", "09.Moving\09.Moving.csproj", "{3FAB18D8-697A-4F67-9C7D-49865C7C70A9}"
EndProject
Global
	GlobalSection(SolutionConfigurationPlatforms) = preSolution
		Debug|Any CPU = Debug|Any CPU
		Debug|x64 = Debug|x64
		Debug|x86 = Debug|x86
		Release|Any CPU = Release|Any CPU
		Release|x64 = Release|x64
		Release|x86 = Release|x86
	EndGlobalSection
	GlobalSection(SolutionProperties) = preSolution
		HideSolutionNode = FALSE
	EndGlobalSection
	GlobalSection(ProjectConfigurationPlatforms) = postSolution
		{077CD732-AE19-491A-A623-D0D796735134}.Debug|Any CPU.ActiveCfg = Debug|Any CPU
		{077CD732-AE19-491A-A623-D0D796735134}.Debug|Any CPU.Build.0 = Debug|Any CPU
		{077CD732-AE19-491A-A623-D0D796735134}.Debug|x64.ActiveCfg = Debug|Any CPU
		{077CD732-AE19-491A-A623-D0D796735134}.Debug|x64.Build.0 = Debug|Any CPU
		{077CD732-AE19-491A-A623-D0D796735134}.Debug|x86.ActiveCfg = Debug|Any CPU
		{077CD732-AE19-491A-A623-D0D796735134}.Debug|x86.Build.0 = Debug|Any CPU
		{077CD732-AE19-491A-A623-D0D796735134}.Release|Any CPU.ActiveCfg = Release|Any CPU
		{077CD732-AE19-491A-A623-D0D796735134}.Release|Any CPU.Build.0 = Release|Any CPU
		{077CD732-AE19-491A-A623-D0D796735134}.Release|x64.ActiveCfg = Release|Any CPU
		{077CD732-AE19-491A-A623-D0D796735134}.Release|x64.Build.0 = Release|Any CPU
		{077CD732-AE19-491A-A623-D0D796735134}.Release|x86.ActiveCfg = Release|Any CPU
		{077CD732-AE19-491A-A623-D0D796735134}.Release|x86.Build.0 = Release|Any CPU
		{B6FA036E-46AF-4881-9204-EAA82B95EBF1}.Debug|Any CPU.ActiveCfg = Debug|Any CPU
		{B6FA036E-46AF-4881-9204-EAA82B95EBF1}.Debug|Any CPU.Build.0 = Debug|Any CPU
		{B6FA036E-46AF-4881-9204-EAA82B95EBF1}.Debug|x64.ActiveCfg = Debug|Any CPU
		{B6FA036E-46AF-4881-9204-EAA82B95EBF1}.Debug|x64.Build.0 = Debug|Any CPU
		{B6FA036E-46AF-4881-9204-EAA82B95EBF1}.Debug|x86.ActiveCfg = Debug|Any CPU
		{B6FA036E-46AF-4881-9204-EAA82B95EBF1}.Debug|x86.Build.0 = Debug|Any CPU
		{B6FA036E-46AF-4881-9204-EAA82B95EBF1}.Release|Any CPU.ActiveCfg = Release|Any CPU
		{B6FA036E-46AF-4881-9204-EAA82B95EBF1}.Release|Any CPU.Build.0 = Release|Any CPU
		{B6FA036E-46AF-4881-9204-EAA82B95EBF1}.Release|x64.ActiveCfg = Release|Any CPU
		{B6FA036E-46AF-4881-9204-EAA82B95EBF1}.Release|x64.Build.0 = Release|Any CPU
		{B6FA036E-46AF-4881-9204-EAA82B95EBF1}.Release|x86.ActiveCfg = Release|Any CPU
		{B6FA036E-46AF-4881-9204-EAA82B95EBF1}.Release|x86.Build.0 = Release|Any CPU
		{CEF1F353-79ED-4A20-87F0-5E3DA878AC3F}.Debug|Any CPU.ActiveCfg = Debug|Any CPU
		{CEF1F353-79ED-4A20-87F0-5E3DA878AC3F}.Debug|Any CPU.Build.0 = Debug|Any CPU
		{CEF1F353-79ED-4A20-87F0-5E3DA878AC3F}.Debug|x64.ActiveCfg = Debug|Any CPU
		{CEF1F353-79ED-4A20-87F0-5E3DA878AC3F}.Debug|x64.Build.0 = Debug|Any CPU
		{CEF1F353-79ED-4A20-87F0-5E3DA878AC3F}.Debug|x86.ActiveCfg = Debug|Any CPU
		{CEF1F353-79ED-4A20-87F0-5E3DA878AC3F}.Debug|x86.Build.0 = Debug|Any CPU
		{CEF1F353-79ED-4A20-87F0-5E3DA878AC3F}.Release|Any CPU.ActiveCfg = Release|Any CPU
		{CEF1F353-79ED-4A20-87F0-5E3DA878AC3F}.Release|Any CPU.Build.0 = Release|Any CPU
		{CEF1F353-79ED-4A20-87F0-5E3DA878AC3F}.Release|x64.ActiveCfg = Release|Any CPU
		{CEF1F353-79ED-4A20-87F0-5E3DA878AC3F}.Release|x64.Build.0 = Release|Any CPU
		{CEF1F353-79ED-4A20-87F0-5E3DA878AC3F}.Release|x86.ActiveCfg = Release|Any CPU
		{CEF1F353-79ED-4A20-87F0-5E3DA878AC3F}.Release|x86.Build.0 = Release|Any CPU
		{16022DCB-F0F2-4938-B0C4-D934F20B4BF8}.Debug|Any CPU.ActiveCfg = Debug|Any CPU
		{16022DCB-F0F2-4938-B0C4-D934F20B4BF8}.Debug|Any CPU.Build.0 = Debug|Any CPU
		{16022DCB-F0F2-4938-B0C4-D934F20B4BF8}.Debug|x64.ActiveCfg = Debug|Any CPU
		{16022DCB-F0F2-4938-B0C4-D934F20B4BF8}.Debug|x64.Build.0 = Debug|Any CPU
		{16022DCB-F0F2-4938-B0C4-D934F20B4BF8}.Debug|x86.ActiveCfg = Debug|Any CPU
		{16022DCB-F0F2-4938-B0C4-D934F20B4BF8}.Debug|x86.Build.0 = Debug|Any CPU
		{16022DCB-F0F2-4938-B0C4-D934F20B4BF8}.Release|Any CPU.ActiveCfg = Release|Any CPU
		{16022DCB-F0F2-4938-B0C4-D934F20B4BF8}.Release|Any CPU.Build.0 = Release|Any CPU
		{16022DCB-F0F2-4938-B0C4-D934F20B4BF8}.Release|x64.ActiveCfg = Release|Any CPU
		{16022DCB-F0F2-4938-B0C4-D934F20B4BF8}.Release|x64.Build.0 = Release|Any CPU
		{16022DCB-F0F2-4938-B0C4-D934F20B4BF8}.Release|x86.ActiveCfg = Release|Any CPU
		{16022DCB-F0F2-4938-B0C4-D934F20B4BF8}.Release|x86.Build.0 = Release|Any CPU
		{8430D518-2195-4FC3-A24E-1716460AB07E}.Debug|Any CPU.ActiveCfg = Debug|Any CPU
		{8430D518-2195-4FC3-A24E-1716460AB07E}.Debug|Any CPU.Build.0 = Debug|Any CPU
		{8430D518-2195-4FC3-A24E-1716460AB07E}.Debug|x64.ActiveCfg = Debug|Any CPU
		{8430D518-2195-4FC3-A24E-1716460AB07E}.Debug|x64.Build.0 = Debug|Any CPU
		{8430D518-2195-4FC3-A24E-1716460AB07E}.Debug|x86.ActiveCfg = Debug|Any CPU
		{8430D518-2195-4FC3-A24E-1716460AB07E}.Debug|x86.Build.0 = Debug|Any CPU
		{8430D518-2195-4FC3-A24E-1716460AB07E}.Release|Any CPU.ActiveCfg = Release|Any CPU
		{8430D518-2195-4FC3-A24E-1716460AB07E}.Release|Any CPU.Build.0 = Release|Any CPU
		{8430D518-2195-4FC3-A24E-1716460AB07E}.Release|x64.ActiveCfg = Release|Any CPU
		{8430D518-2195-4FC3-A24E-1716460AB07E}.Release|x64.Build.0 = Release|Any CPU
		{8430D518-2195-4FC3-A24E-1716460AB07E}.Release|x86.ActiveCfg = Release|Any CPU
		{8430D518-2195-4FC3-A24E-1716460AB07E}.Release|x86.Build.0 = Release|Any CPU
		{0F7D7841-C00C-481E-B338-BF7BA53B9F94}.Debug|Any CPU.ActiveCfg = Debug|Any CPU
		{0F7D7841-C00C-481E-B338-BF7BA53B9F94}.Debug|Any CPU.Build.0 = Debug|Any CPU
		{0F7D7841-C00C-481E-B338-BF7BA53B9F94}.Debug|x64.ActiveCfg = Debug|Any CPU
		{0F7D7841-C00C-481E-B338-BF7BA53B9F94}.Debug|x64.Build.0 = Debug|Any CPU
		{0F7D7841-C00C-481E-B338-BF7BA53B9F94}.Debug|x86.ActiveCfg = Debug|Any CPU
		{0F7D7841-C00C-481E-B338-BF7BA53B9F94}.Debug|x86.Build.0 = Debug|Any CPU
		{0F7D7841-C00C-481E-B338-BF7BA53B9F94}.Release|Any CPU.ActiveCfg = Release|Any CPU
		{0F7D7841-C00C-481E-B338-BF7BA53B9F94}.Release|Any CPU.Build.0 = Release|Any CPU
		{0F7D7841-C00C-481E-B338-BF7BA53B9F94}.Release|x64.ActiveCfg = Release|Any CPU
		{0F7D7841-C00C-481E-B338-BF7BA53B9F94}.Release|x64.Build.0 = Release|Any CPU
		{0F7D7841-C00C-481E-B338-BF7BA53B9F94}.Release|x86.ActiveCfg = Release|Any CPU
		{0F7D7841-C00C-481E-B338-BF7BA53B9F94}.Release|x86.Build.0 = Release|Any CPU
		{F3F46521-F5E3-437E-A06A-9F3A7915BA8C}.Debug|Any CPU.ActiveCfg = Debug|Any CPU
		{F3F46521-F5E3-437E-A06A-9F3A7915BA8C}.Debug|Any CPU.Build.0 = Debug|Any CPU
		{F3F46521-F5E3-437E-A06A-9F3A7915BA8C}.Debug|x64.ActiveCfg = Debug|Any CPU
		{F3F46521-F5E3-437E-A06A-9F3A7915BA8C}.Debug|x64.Build.0 = Debug|Any CPU
		{F3F46521-F5E3-437E-A06A-9F3A7915BA8C}.Debug|x86.ActiveCfg = Debug|Any CPU
		{F3F46521-F5E3-437E-A06A-9F3A7915BA8C}.Debug|x86.Build.0 = Debug|Any CPU
		{F3F46521-F5E3-437E-A06A-9F3A7915BA8C}.Release|Any CPU.ActiveCfg = Release|Any CPU
		{F3F46521-F5E3-437E-A06A-9F3A7915BA8C}.Release|Any CPU.Build.0 = Release|Any CPU
		{F3F46521-F5E3-437E-A06A-9F3A7915BA8C}.Release|x64.ActiveCfg = Release|Any CPU
		{F3F46521-F5E3-437E-A06A-9F3A7915BA8C}.Release|x64.Build.0 = Release|Any CPU
		{F3F46521-F5E3-437E-A06A-9F3A7915BA8C}.Release|x86.ActiveCfg = Release|Any CPU
		{F3F46521-F5E3-437E-A06A-9F3A7915BA8C}.Release|x86.Build.0 = Release|Any CPU
		{21CD65D3-4724-4535-85A0-EE5966C3D877}.Debug|Any CPU.ActiveCfg = Debug|Any CPU
		{21CD65D3-4724-4535-85A0-EE5966C3D877}.Debug|Any CPU.Build.0 = Debug|Any CPU
		{21CD65D3-4724-4535-85A0-EE5966C3D877}.Debug|x64.ActiveCfg = Debug|Any CPU
		{21CD65D3-4724-4535-85A0-EE5966C3D877}.Debug|x64.Build.0 = Debug|Any CPU
		{21CD65D3-4724-4535-85A0-EE5966C3D877}.Debug|x86.ActiveCfg = Debug|Any CPU
		{21CD65D3-4724-4535-85A0-EE5966C3D877}.Debug|x86.Build.0 = Debug|Any CPU
		{21CD65D3-4724-4535-85A0-EE5966C3D877}.Release|Any CPU.ActiveCfg = Release|Any CPU
		{21CD65D3-4724-4535-85A0-EE5966C3D877}.Release|Any CPU.Build.0 = Release|Any CPU
		{21CD65D3-4724-4535-85A0-EE5966C3D877}.Release|x64.ActiveCfg = Release|Any CPU
		{21CD65D3-4724-4535-85A0-EE5966C3D877}.Release|x64.Build.0 = Release|Any CPU
		{21CD65D3-4724-4535-85A0-EE5966C3D877}.Release|x86.ActiveCfg = Release|Any CPU
		{21CD65D3-4724-4535-85A0-EE5966C3D877}.Release|x86.Build.0 = Release|Any CPU
		{3FAB18D8-697A-4F67-9C7D-49865C7C70A9}.Debug|Any CPU.ActiveCfg = Debug|Any CPU
		{3FAB18D8-697A-4F67-9C7D-49865C7C70A9}.Debug|Any CPU.Build.0 = Debug|Any CPU
		{3FAB18D8-697A-4F67-9C7D-49865C7C70A9}.Debug|x64.ActiveCfg = Debug|Any CPU
		{3FAB18D8-697A-4F67-9C7D-49865C7C70A9}.Debug|x64.Build.0 = Debug|Any CPU
		{3FAB18D8-697A-4F67-9C7D-49865C7C70A9}.Debug|x86.ActiveCfg = Debug|Any CPU
		{3FAB18D8-697A-4F67-9C7D-49865C7C70A9}.Debug|x86.Build.0 = Debug|Any CPU
		{3FAB18D8-697A-4F67-9C7D-49865C7C70A9}.Release|Any CPU.ActiveCfg = Release|Any CPU
		{3FAB18D8-697A-4F67-9C7D-49865C7C70A9}.Release|Any CPU.Build.0 = Release|Any CPU
		{3FAB18D8-697A-4F67-9C7D-49865C7C70A9}.Release|x64.ActiveCfg = Release|Any CPU
		{3FAB18D8-697A-4F67-9C7D-49865C7C70A9}.Release|x64.Build.0 = Release|Any CPU
		{3FAB18D8-697A-4F67-9C7D-49865C7C70A9}.Release|x86.ActiveCfg = Release|Any CPU
		{3FAB18D8-697A-4F67-9C7D-49865C7C70A9}.Release|x86.Build.0 = Release|Any CPU
	EndGlobalSection
EndGlobal
