
Microsoft Visual Studio Solution File, Format Version 12.00
# Visual Studio Version 17
VisualStudioVersion = 17.0.32112.339
MinimumVisualStudioVersion = 10.0.40219.1
Project("{9A19103F-16F7-4668-BE54-9A1E7A4F7556}") = "001.Demos", "001.Demos\001.Demos.csproj", "{7242C3E7-AAB7-438C-A823-47B18814F8B8}"
EndProject
Project("{9A19103F-16F7-4668-BE54-9A1E7A4F7556}") = "002.Rotation", "002.Rotation\002.Rotation.csproj", "{14099F28-7335-411F-97A3-D3CBB8CCC1CF}"
EndProject
Project("{9A19103F-16F7-4668-BE54-9A1E7A4F7556}") = "003.MaxSeq", "003. MaxSeq\003.MaxSeq.csproj", "{7BB28647-8AD1-4DCD-9CE4-FA4900DE9C15}"
EndProject
Project("{9A19103F-16F7-4668-BE54-9A1E7A4F7556}") = "004.FoldAndSum", "004.FoldAndSum\004.FoldAndSum.csproj", "{B8C3CC9C-E87D-4DD0-9AD1-1B8D1261B690}"
EndProject
Global
	GlobalSection(SolutionConfigurationPlatforms) = preSolution
		Debug|Any CPU = Debug|Any CPU
		Release|Any CPU = Release|Any CPU
	EndGlobalSection
	GlobalSection(ProjectConfigurationPlatforms) = postSolution
		{7242C3E7-AAB7-438C-A823-47B18814F8B8}.Debug|Any CPU.ActiveCfg = Debug|Any CPU
		{7242C3E7-AAB7-438C-A823-47B18814F8B8}.Debug|Any CPU.Build.0 = Debug|Any CPU
		{7242C3E7-AAB7-438C-A823-47B18814F8B8}.Release|Any CPU.ActiveCfg = Release|Any CPU
		{7242C3E7-AAB7-438C-A823-47B18814F8B8}.Release|Any CPU.Build.0 = Release|Any CPU
		{14099F28-7335-411F-97A3-D3CBB8CCC1CF}.Debug|Any CPU.ActiveCfg = Debug|Any CPU
		{14099F28-7335-411F-97A3-D3CBB8CCC1CF}.Debug|Any CPU.Build.0 = Debug|Any CPU
		{14099F28-7335-411F-97A3-D3CBB8CCC1CF}.Release|Any CPU.ActiveCfg = Release|Any CPU
		{14099F28-7335-411F-97A3-D3CBB8CCC1CF}.Release|Any CPU.Build.0 = Release|Any CPU
		{7BB28647-8AD1-4DCD-9CE4-FA4900DE9C15}.Debug|Any CPU.ActiveCfg = Debug|Any CPU
		{7BB28647-8AD1-4DCD-9CE4-FA4900DE9C15}.Debug|Any CPU.Build.0 = Debug|Any CPU
		{7BB28647-8AD1-4DCD-9CE4-FA4900DE9C15}.Release|Any CPU.ActiveCfg = Release|Any CPU
		{7BB28647-8AD1-4DCD-9CE4-FA4900DE9C15}.Release|Any CPU.Build.0 = Release|Any CPU
		{B8C3CC9C-E87D-4DD0-9AD1-1B8D1261B690}.Debug|Any CPU.ActiveCfg = Debug|Any CPU
		{B8C3CC9C-E87D-4DD0-9AD1-1B8D1261B690}.Debug|Any CPU.Build.0 = Debug|Any CPU
		{B8C3CC9C-E87D-4DD0-9AD1-1B8D1261B690}.Release|Any CPU.ActiveCfg = Release|Any CPU
		{B8C3CC9C-E87D-4DD0-9AD1-1B8D1261B690}.Release|Any CPU.Build.0 = Release|Any CPU
	EndGlobalSection
	GlobalSection(SolutionProperties) = preSolution
		HideSolutionNode = FALSE
	EndGlobalSection
	GlobalSection(ExtensibilityGlobals) = postSolution
		SolutionGuid = {520ABB7A-2E29-4B16-9959-CE2425CD0E77}
	EndGlobalSection
EndGlobal
