
Microsoft Visual Studio Solution File, Format Version 12.00
# Visual Studio Version 17
VisualStudioVersion = 17.7.34202.233
MinimumVisualStudioVersion = 10.0.40219.1
Project("{FAE04EC0-301F-11D3-BF4B-00C04F79EFBC}") = "01.SumFactorialEvenDigits", "01.SumFactorialEvenDigits\01.SumFactorialEvenDigits.csproj", "{C8E8FA0C-3790-4FBC-8418-0136840C89E6}"
EndProject
Project("{FAE04EC0-301F-11D3-BF4B-00C04F79EFBC}") = "02.MiddleElements", "02.MiddleElements\02.MiddleElements.csproj", "{E07F9729-E4C2-45A2-A9AF-CEB7C0B42008}"
EndProject
Global
	GlobalSection(SolutionConfigurationPlatforms) = preSolution
		Debug|Any CPU = Debug|Any CPU
		Release|Any CPU = Release|Any CPU
	EndGlobalSection
	GlobalSection(ProjectConfigurationPlatforms) = postSolution
		{C8E8FA0C-3790-4FBC-8418-0136840C89E6}.Debug|Any CPU.ActiveCfg = Debug|Any CPU
		{C8E8FA0C-3790-4FBC-8418-0136840C89E6}.Debug|Any CPU.Build.0 = Debug|Any CPU
		{C8E8FA0C-3790-4FBC-8418-0136840C89E6}.Release|Any CPU.ActiveCfg = Release|Any CPU
		{C8E8FA0C-3790-4FBC-8418-0136840C89E6}.Release|Any CPU.Build.0 = Release|Any CPU
		{E07F9729-E4C2-45A2-A9AF-CEB7C0B42008}.Debug|Any CPU.ActiveCfg = Debug|Any CPU
		{E07F9729-E4C2-45A2-A9AF-CEB7C0B42008}.Debug|Any CPU.Build.0 = Debug|Any CPU
		{E07F9729-E4C2-45A2-A9AF-CEB7C0B42008}.Release|Any CPU.ActiveCfg = Release|Any CPU
		{E07F9729-E4C2-45A2-A9AF-CEB7C0B42008}.Release|Any CPU.Build.0 = Release|Any CPU
	EndGlobalSection
	GlobalSection(SolutionProperties) = preSolution
		HideSolutionNode = FALSE
	EndGlobalSection
	GlobalSection(ExtensibilityGlobals) = postSolution
		SolutionGuid = {966E19B0-6789-4745-845E-62F3001AFB0F}
	EndGlobalSection
EndGlobal
