
Microsoft Visual Studio Solution File, Format Version 12.00
# Visual Studio Version 17
VisualStudioVersion = 17.9.34622.214
MinimumVisualStudioVersion = 10.0.40219.1
Project("{FAE04EC0-301F-11D3-BF4B-00C04F79EFBC}") = "FoodySoftUni", "FoodySoftUni\FoodySoftUni.csproj", "{1F9FDEA2-2D6C-45E0-BBBE-ED8C3A3F4006}"
EndProject
Global
	GlobalSection(SolutionConfigurationPlatforms) = preSolution
		Debug|Any CPU = Debug|Any CPU
		Release|Any CPU = Release|Any CPU
	EndGlobalSection
	GlobalSection(ProjectConfigurationPlatforms) = postSolution
		{1F9FDEA2-2D6C-45E0-BBBE-ED8C3A3F4006}.Debug|Any CPU.ActiveCfg = Debug|Any CPU
		{1F9FDEA2-2D6C-45E0-BBBE-ED8C3A3F4006}.Debug|Any CPU.Build.0 = Debug|Any CPU
		{1F9FDEA2-2D6C-45E0-BBBE-ED8C3A3F4006}.Release|Any CPU.ActiveCfg = Release|Any CPU
		{1F9FDEA2-2D6C-45E0-BBBE-ED8C3A3F4006}.Release|Any CPU.Build.0 = Release|Any CPU
	EndGlobalSection
	GlobalSection(SolutionProperties) = preSolution
		HideSolutionNode = FALSE
	EndGlobalSection
	GlobalSection(ExtensibilityGlobals) = postSolution
		SolutionGuid = {F316D64E-D934-4E3D-B9C8-223557EEFED0}
	EndGlobalSection
EndGlobal
