
Microsoft Visual Studio Solution File, Format Version 12.00
# Visual Studio Version 17
VisualStudioVersion = 17.6.33801.468
MinimumVisualStudioVersion = 10.0.40219.1
Project("{9A19103F-16F7-4668-BE54-9A1E7A4F7556}") = "PersonInfo", "PersonInfo\PersonInfo.csproj", "{000F2387-6077-4459-B3D2-EF379F88D425}"
EndProject
Project("{9A19103F-16F7-4668-BE54-9A1E7A4F7556}") = "BoxData", "BoxData\BoxData.csproj", "{203C1F3B-6B1F-4319-BEAD-1372B329E439}"
EndProject
Project("{9A19103F-16F7-4668-BE54-9A1E7A4F7556}") = "Players", "Players\Players.csproj", "{6E4B6EC3-6A1B-4D81-B7BC-3798037C2A89}"
EndProject
Project("{FAE04EC0-301F-11D3-BF4B-00C04F79EFBC}") = "Zoo", "Zoo\Zoo.csproj", "{997A1414-17F7-4186-A614-8980CB58E9F2}"
EndProject
Global
	GlobalSection(SolutionConfigurationPlatforms) = preSolution
		Debug|Any CPU = Debug|Any CPU
		Release|Any CPU = Release|Any CPU
	EndGlobalSection
	GlobalSection(ProjectConfigurationPlatforms) = postSolution
		{000F2387-6077-4459-B3D2-EF379F88D425}.Debug|Any CPU.ActiveCfg = Debug|Any CPU
		{000F2387-6077-4459-B3D2-EF379F88D425}.Debug|Any CPU.Build.0 = Debug|Any CPU
		{000F2387-6077-4459-B3D2-EF379F88D425}.Release|Any CPU.ActiveCfg = Release|Any CPU
		{000F2387-6077-4459-B3D2-EF379F88D425}.Release|Any CPU.Build.0 = Release|Any CPU
		{203C1F3B-6B1F-4319-BEAD-1372B329E439}.Debug|Any CPU.ActiveCfg = Debug|Any CPU
		{203C1F3B-6B1F-4319-BEAD-1372B329E439}.Debug|Any CPU.Build.0 = Debug|Any CPU
		{203C1F3B-6B1F-4319-BEAD-1372B329E439}.Release|Any CPU.ActiveCfg = Release|Any CPU
		{203C1F3B-6B1F-4319-BEAD-1372B329E439}.Release|Any CPU.Build.0 = Release|Any CPU
		{6E4B6EC3-6A1B-4D81-B7BC-3798037C2A89}.Debug|Any CPU.ActiveCfg = Debug|Any CPU
		{6E4B6EC3-6A1B-4D81-B7BC-3798037C2A89}.Debug|Any CPU.Build.0 = Debug|Any CPU
		{6E4B6EC3-6A1B-4D81-B7BC-3798037C2A89}.Release|Any CPU.ActiveCfg = Release|Any CPU
		{6E4B6EC3-6A1B-4D81-B7BC-3798037C2A89}.Release|Any CPU.Build.0 = Release|Any CPU
		{997A1414-17F7-4186-A614-8980CB58E9F2}.Debug|Any CPU.ActiveCfg = Debug|Any CPU
		{997A1414-17F7-4186-A614-8980CB58E9F2}.Debug|Any CPU.Build.0 = Debug|Any CPU
		{997A1414-17F7-4186-A614-8980CB58E9F2}.Release|Any CPU.ActiveCfg = Release|Any CPU
		{997A1414-17F7-4186-A614-8980CB58E9F2}.Release|Any CPU.Build.0 = Release|Any CPU
	EndGlobalSection
	GlobalSection(SolutionProperties) = preSolution
		HideSolutionNode = FALSE
	EndGlobalSection
	GlobalSection(ExtensibilityGlobals) = postSolution
		SolutionGuid = {AF10B5FA-01FF-4599-B33B-48FEF6D6B68D}
	EndGlobalSection
EndGlobal
