
Microsoft Visual Studio Solution File, Format Version 12.00
# Visual Studio Version 17
VisualStudioVersion = 17.4.33205.214
MinimumVisualStudioVersion = 10.0.40219.1
Project("{9A19103F-16F7-4668-BE54-9A1E7A4F7556}") = "Homies", "Homies\Homies.csproj", "{C348F385-9C83-4C09-8E4C-D266B2B6776C}"
EndProject
Project("{FAE04EC0-301F-11D3-BF4B-00C04F79EFBC}") = "Homies.Tests", "Homies.Tests\Homies.Tests.csproj", "{6A116E99-AFE4-4A46-AAB0-03300FB320BD}"
EndProject
Global
	GlobalSection(SolutionConfigurationPlatforms) = preSolution
		Debug|Any CPU = Debug|Any CPU
		Release|Any CPU = Release|Any CPU
	EndGlobalSection
	GlobalSection(ProjectConfigurationPlatforms) = postSolution
		{C348F385-9C83-4C09-8E4C-D266B2B6776C}.Debug|Any CPU.ActiveCfg = Debug|Any CPU
		{C348F385-9C83-4C09-8E4C-D266B2B6776C}.Debug|Any CPU.Build.0 = Debug|Any CPU
		{C348F385-9C83-4C09-8E4C-D266B2B6776C}.Release|Any CPU.ActiveCfg = Release|Any CPU
		{C348F385-9C83-4C09-8E4C-D266B2B6776C}.Release|Any CPU.Build.0 = Release|Any CPU
		{6A116E99-AFE4-4A46-AAB0-03300FB320BD}.Debug|Any CPU.ActiveCfg = Debug|Any CPU
		{6A116E99-AFE4-4A46-AAB0-03300FB320BD}.Debug|Any CPU.Build.0 = Debug|Any CPU
		{6A116E99-AFE4-4A46-AAB0-03300FB320BD}.Release|Any CPU.ActiveCfg = Release|Any CPU
		{6A116E99-AFE4-4A46-AAB0-03300FB320BD}.Release|Any CPU.Build.0 = Release|Any CPU
	EndGlobalSection
	GlobalSection(SolutionProperties) = preSolution
		HideSolutionNode = FALSE
	EndGlobalSection
	GlobalSection(ExtensibilityGlobals) = postSolution
		SolutionGuid = {6189C85D-99A4-4AF6-BC53-10E91F8E996F}
	EndGlobalSection
EndGlobal
