
Microsoft Visual Studio Solution File, Format Version 12.00
# Visual Studio Version 17
VisualStudioVersion = 17.7.34221.43
MinimumVisualStudioVersion = 10.0.40219.1
Project("{FAE04EC0-301F-11D3-BF4B-00C04F79EFBC}") = "TownsApplication", "TownsApplication\TownsApplication.csproj", "{157E9D26-26CB-4424-9C68-43B20631F4F0}"
EndProject
Project("{FAE04EC0-301F-11D3-BF4B-00C04F79EFBC}") = "TownApplication.IntegrationTests", "TownApplication.IntegrationTests\TownApplication.IntegrationTests.csproj", "{FFE7F2C7-99B5-4594-89EE-CBC25EC878AA}"
EndProject
Global
	GlobalSection(SolutionConfigurationPlatforms) = preSolution
		Debug|Any CPU = Debug|Any CPU
		Release|Any CPU = Release|Any CPU
	EndGlobalSection
	GlobalSection(ProjectConfigurationPlatforms) = postSolution
		{157E9D26-26CB-4424-9C68-43B20631F4F0}.Debug|Any CPU.ActiveCfg = Debug|Any CPU
		{157E9D26-26CB-4424-9C68-43B20631F4F0}.Debug|Any CPU.Build.0 = Debug|Any CPU
		{157E9D26-26CB-4424-9C68-43B20631F4F0}.Release|Any CPU.ActiveCfg = Release|Any CPU
		{157E9D26-26CB-4424-9C68-43B20631F4F0}.Release|Any CPU.Build.0 = Release|Any CPU
		{FFE7F2C7-99B5-4594-89EE-CBC25EC878AA}.Debug|Any CPU.ActiveCfg = Debug|Any CPU
		{FFE7F2C7-99B5-4594-89EE-CBC25EC878AA}.Debug|Any CPU.Build.0 = Debug|Any CPU
		{FFE7F2C7-99B5-4594-89EE-CBC25EC878AA}.Release|Any CPU.ActiveCfg = Release|Any CPU
		{FFE7F2C7-99B5-4594-89EE-CBC25EC878AA}.Release|Any CPU.Build.0 = Release|Any CPU
	EndGlobalSection
	GlobalSection(SolutionProperties) = preSolution
		HideSolutionNode = FALSE
	EndGlobalSection
	GlobalSection(ExtensibilityGlobals) = postSolution
		SolutionGuid = {700D1D18-1EAF-4960-9F9A-43ADBD8DA9FA}
	EndGlobalSection
EndGlobal
