
Microsoft Visual Studio Solution File, Format Version 12.00
# Visual Studio Version 17
VisualStudioVersion = 17.7.34221.43
MinimumVisualStudioVersion = 10.0.40219.1
Project("{FAE04EC0-301F-11D3-BF4B-00C04F79EFBC}") = "01.CountRealNumbers", "01.CountRealNumbers\01.CountRealNumbers.csproj", "{9C7CCBE5-FD6A-42FF-9A4B-2A23AA451D9C}"
EndProject
Project("{FAE04EC0-301F-11D3-BF4B-00C04F79EFBC}") = "00.Demos", "00.Demos\00.Demos.csproj", "{D6B57CDE-CD5C-466F-AD28-FAB2858EBB83}"
EndProject
Project("{FAE04EC0-301F-11D3-BF4B-00C04F79EFBC}") = "02.OddOccurrences", "02.OddOccurrences\02.OddOccurrences.csproj", "{4842D256-2958-4B89-A19C-A80B55F597BB}"
EndProject
Project("{FAE04EC0-301F-11D3-BF4B-00C04F79EFBC}") = "03.WordSynonyms", "03.WordSynonyms\03.WordSynonyms.csproj", "{163EC0FD-9DD9-4B3B-BC08-41332E736F54}"
EndProject
Project("{FAE04EC0-301F-11D3-BF4B-00C04F79EFBC}") = "04.WordFilter", "04.WordFilter\04.WordFilter.csproj", "{7B0985A1-1339-44B0-A84B-19AF09D934C6}"
EndProject
Global
	GlobalSection(SolutionConfigurationPlatforms) = preSolution
		Debug|Any CPU = Debug|Any CPU
		Release|Any CPU = Release|Any CPU
	EndGlobalSection
	GlobalSection(ProjectConfigurationPlatforms) = postSolution
		{9C7CCBE5-FD6A-42FF-9A4B-2A23AA451D9C}.Debug|Any CPU.ActiveCfg = Debug|Any CPU
		{9C7CCBE5-FD6A-42FF-9A4B-2A23AA451D9C}.Debug|Any CPU.Build.0 = Debug|Any CPU
		{9C7CCBE5-FD6A-42FF-9A4B-2A23AA451D9C}.Release|Any CPU.ActiveCfg = Release|Any CPU
		{9C7CCBE5-FD6A-42FF-9A4B-2A23AA451D9C}.Release|Any CPU.Build.0 = Release|Any CPU
		{D6B57CDE-CD5C-466F-AD28-FAB2858EBB83}.Debug|Any CPU.ActiveCfg = Debug|Any CPU
		{D6B57CDE-CD5C-466F-AD28-FAB2858EBB83}.Debug|Any CPU.Build.0 = Debug|Any CPU
		{D6B57CDE-CD5C-466F-AD28-FAB2858EBB83}.Release|Any CPU.ActiveCfg = Release|Any CPU
		{D6B57CDE-CD5C-466F-AD28-FAB2858EBB83}.Release|Any CPU.Build.0 = Release|Any CPU
		{4842D256-2958-4B89-A19C-A80B55F597BB}.Debug|Any CPU.ActiveCfg = Debug|Any CPU
		{4842D256-2958-4B89-A19C-A80B55F597BB}.Debug|Any CPU.Build.0 = Debug|Any CPU
		{4842D256-2958-4B89-A19C-A80B55F597BB}.Release|Any CPU.ActiveCfg = Release|Any CPU
		{4842D256-2958-4B89-A19C-A80B55F597BB}.Release|Any CPU.Build.0 = Release|Any CPU
		{163EC0FD-9DD9-4B3B-BC08-41332E736F54}.Debug|Any CPU.ActiveCfg = Debug|Any CPU
		{163EC0FD-9DD9-4B3B-BC08-41332E736F54}.Debug|Any CPU.Build.0 = Debug|Any CPU
		{163EC0FD-9DD9-4B3B-BC08-41332E736F54}.Release|Any CPU.ActiveCfg = Release|Any CPU
		{163EC0FD-9DD9-4B3B-BC08-41332E736F54}.Release|Any CPU.Build.0 = Release|Any CPU
		{7B0985A1-1339-44B0-A84B-19AF09D934C6}.Debug|Any CPU.ActiveCfg = Debug|Any CPU
		{7B0985A1-1339-44B0-A84B-19AF09D934C6}.Debug|Any CPU.Build.0 = Debug|Any CPU
		{7B0985A1-1339-44B0-A84B-19AF09D934C6}.Release|Any CPU.ActiveCfg = Release|Any CPU
		{7B0985A1-1339-44B0-A84B-19AF09D934C6}.Release|Any CPU.Build.0 = Release|Any CPU
	EndGlobalSection
	GlobalSection(SolutionProperties) = preSolution
		HideSolutionNode = FALSE
	EndGlobalSection
	GlobalSection(ExtensibilityGlobals) = postSolution
		SolutionGuid = {D39363D0-74AB-4939-98B5-AE9E3EB3C668}
	EndGlobalSection
EndGlobal
