
Microsoft Visual Studio Solution File, Format Version 12.00
# Visual Studio Version 17
VisualStudioVersion = 17.8.34330.188
MinimumVisualStudioVersion = 10.0.40219.1
Project("{9A19103F-16F7-4668-BE54-9A1E7A4F7556}") = "GetGreeting", "GetGreeting.csproj", "{6B95ED6B-C2D5-45EC-8937-A729FABA9502}"
EndProject
Project("{FAE04EC0-301F-11D3-BF4B-00C04F79EFBC}") = "GetGreeting.Tests", "..\GetGreeting.Tests\GetGreeting.Tests.csproj", "{7884D0F9-F2C0-4477-96FD-C837BBA60E21}"
EndProject
Global
	GlobalSection(SolutionConfigurationPlatforms) = preSolution
		Debug|Any CPU = Debug|Any CPU
		Release|Any CPU = Release|Any CPU
	EndGlobalSection
	GlobalSection(ProjectConfigurationPlatforms) = postSolution
		{6B95ED6B-C2D5-45EC-8937-A729FABA9502}.Debug|Any CPU.ActiveCfg = Debug|Any CPU
		{6B95ED6B-C2D5-45EC-8937-A729FABA9502}.Debug|Any CPU.Build.0 = Debug|Any CPU
		{6B95ED6B-C2D5-45EC-8937-A729FABA9502}.Release|Any CPU.ActiveCfg = Release|Any CPU
		{6B95ED6B-C2D5-45EC-8937-A729FABA9502}.Release|Any CPU.Build.0 = Release|Any CPU
		{7884D0F9-F2C0-4477-96FD-C837BBA60E21}.Debug|Any CPU.ActiveCfg = Debug|Any CPU
		{7884D0F9-F2C0-4477-96FD-C837BBA60E21}.Debug|Any CPU.Build.0 = Debug|Any CPU
		{7884D0F9-F2C0-4477-96FD-C837BBA60E21}.Release|Any CPU.ActiveCfg = Release|Any CPU
		{7884D0F9-F2C0-4477-96FD-C837BBA60E21}.Release|Any CPU.Build.0 = Release|Any CPU
	EndGlobalSection
	GlobalSection(SolutionProperties) = preSolution
		HideSolutionNode = FALSE
	EndGlobalSection
	GlobalSection(ExtensibilityGlobals) = postSolution
		SolutionGuid = {C2B1731F-76CD-43FD-BDD1-BE5F5BD31E9B}
	EndGlobalSection
EndGlobal
