
Microsoft Visual Studio Solution File, Format Version 12.00
# Visual Studio Version 17
VisualStudioVersion = 17.0.31903.59
MinimumVisualStudioVersion = 10.0.40219.1
Project("{FAE04EC0-301F-11D3-BF4B-00C04F79EFBC}") = "00.Demos", "00.Demos\00.Demos.csproj", "{9D56E369-DB97-44D7-A2BB-2E182F267408}"
EndProject
Project("{FAE04EC0-301F-11D3-BF4B-00C04F79EFBC}") = "01.RandomizeWords", "01.RandomizeWords\01.RandomizeWords.csproj", "{ED2FA27F-6A7F-46F8-956F-6F9470C4DC70}"
EndProject
Project("{FAE04EC0-301F-11D3-BF4B-00C04F79EFBC}") = "02.BigFactorial", "02.BigFactorial\02.BigFactorial.csproj", "{47608B0B-7C8E-4F5E-A11D-B1D4E9BDE200}"
EndProject
Project("{FAE04EC0-301F-11D3-BF4B-00C04F79EFBC}") = "03.CalculateAge", "03.CalculateAge\03.CalculateAge.csproj", "{820A7319-A95D-4AD1-BDBB-3A9AB6008359}"
EndProject
Project("{FAE04EC0-301F-11D3-BF4B-00C04F79EFBC}") = "04.DaysBetweenDates", "04.DaysBetweenDates\04.DaysBetweenDates.csproj", "{D1A47B02-B4E8-4B52-82E0-5E27A7C07DE4}"
EndProject
Project("{FAE04EC0-301F-11D3-BF4B-00C04F79EFBC}") = "05.Car", "05.Car\05.Car.csproj", "{56751714-9FEE-4C20-9324-3FAABE7B74D1}"
EndProject
Project("{FAE04EC0-301F-11D3-BF4B-00C04F79EFBC}") = "06.CarExtention", "06.CarExtention\06.CarExtention.csproj", "{1955A624-9BB6-40C6-B85D-0C727C35E0A0}"
EndProject
Project("{FAE04EC0-301F-11D3-BF4B-00C04F79EFBC}") = "07.CarConstructors", "07.CarConstructors\07.CarConstructors.csproj", "{E447AEAA-BBE2-4EBA-8D77-FD2D65DDEDFF}"
EndProject
Project("{FAE04EC0-301F-11D3-BF4B-00C04F79EFBC}") = "08.CarEngineAndTires", "08.CarEngineAndTires\08.CarEngineAndTires.csproj", "{584FA1AE-08C1-4C39-B6F3-8EC084697536}"
EndProject
Project("{FAE04EC0-301F-11D3-BF4B-00C04F79EFBC}") = "09.SpecialCars", "09.SpecialCars\09.SpecialCars.csproj", "{256B5315-1923-43EF-8F00-592342AF2E6E}"
EndProject
Global
	GlobalSection(SolutionConfigurationPlatforms) = preSolution
		Debug|Any CPU = Debug|Any CPU
		Release|Any CPU = Release|Any CPU
	EndGlobalSection
	GlobalSection(SolutionProperties) = preSolution
		HideSolutionNode = FALSE
	EndGlobalSection
	GlobalSection(ProjectConfigurationPlatforms) = postSolution
		{9D56E369-DB97-44D7-A2BB-2E182F267408}.Debug|Any CPU.ActiveCfg = Debug|Any CPU
		{9D56E369-DB97-44D7-A2BB-2E182F267408}.Debug|Any CPU.Build.0 = Debug|Any CPU
		{9D56E369-DB97-44D7-A2BB-2E182F267408}.Release|Any CPU.ActiveCfg = Release|Any CPU
		{9D56E369-DB97-44D7-A2BB-2E182F267408}.Release|Any CPU.Build.0 = Release|Any CPU
		{ED2FA27F-6A7F-46F8-956F-6F9470C4DC70}.Debug|Any CPU.ActiveCfg = Debug|Any CPU
		{ED2FA27F-6A7F-46F8-956F-6F9470C4DC70}.Debug|Any CPU.Build.0 = Debug|Any CPU
		{ED2FA27F-6A7F-46F8-956F-6F9470C4DC70}.Release|Any CPU.ActiveCfg = Release|Any CPU
		{ED2FA27F-6A7F-46F8-956F-6F9470C4DC70}.Release|Any CPU.Build.0 = Release|Any CPU
		{47608B0B-7C8E-4F5E-A11D-B1D4E9BDE200}.Debug|Any CPU.ActiveCfg = Debug|Any CPU
		{47608B0B-7C8E-4F5E-A11D-B1D4E9BDE200}.Debug|Any CPU.Build.0 = Debug|Any CPU
		{47608B0B-7C8E-4F5E-A11D-B1D4E9BDE200}.Release|Any CPU.ActiveCfg = Release|Any CPU
		{47608B0B-7C8E-4F5E-A11D-B1D4E9BDE200}.Release|Any CPU.Build.0 = Release|Any CPU
		{820A7319-A95D-4AD1-BDBB-3A9AB6008359}.Debug|Any CPU.ActiveCfg = Debug|Any CPU
		{820A7319-A95D-4AD1-BDBB-3A9AB6008359}.Debug|Any CPU.Build.0 = Debug|Any CPU
		{820A7319-A95D-4AD1-BDBB-3A9AB6008359}.Release|Any CPU.ActiveCfg = Release|Any CPU
		{820A7319-A95D-4AD1-BDBB-3A9AB6008359}.Release|Any CPU.Build.0 = Release|Any CPU
		{D1A47B02-B4E8-4B52-82E0-5E27A7C07DE4}.Debug|Any CPU.ActiveCfg = Debug|Any CPU
		{D1A47B02-B4E8-4B52-82E0-5E27A7C07DE4}.Debug|Any CPU.Build.0 = Debug|Any CPU
		{D1A47B02-B4E8-4B52-82E0-5E27A7C07DE4}.Release|Any CPU.ActiveCfg = Release|Any CPU
		{D1A47B02-B4E8-4B52-82E0-5E27A7C07DE4}.Release|Any CPU.Build.0 = Release|Any CPU
		{56751714-9FEE-4C20-9324-3FAABE7B74D1}.Debug|Any CPU.ActiveCfg = Debug|Any CPU
		{56751714-9FEE-4C20-9324-3FAABE7B74D1}.Debug|Any CPU.Build.0 = Debug|Any CPU
		{56751714-9FEE-4C20-9324-3FAABE7B74D1}.Release|Any CPU.ActiveCfg = Release|Any CPU
		{56751714-9FEE-4C20-9324-3FAABE7B74D1}.Release|Any CPU.Build.0 = Release|Any CPU
		{1955A624-9BB6-40C6-B85D-0C727C35E0A0}.Debug|Any CPU.ActiveCfg = Debug|Any CPU
		{1955A624-9BB6-40C6-B85D-0C727C35E0A0}.Debug|Any CPU.Build.0 = Debug|Any CPU
		{1955A624-9BB6-40C6-B85D-0C727C35E0A0}.Release|Any CPU.ActiveCfg = Release|Any CPU
		{1955A624-9BB6-40C6-B85D-0C727C35E0A0}.Release|Any CPU.Build.0 = Release|Any CPU
		{E447AEAA-BBE2-4EBA-8D77-FD2D65DDEDFF}.Debug|Any CPU.ActiveCfg = Debug|Any CPU
		{E447AEAA-BBE2-4EBA-8D77-FD2D65DDEDFF}.Debug|Any CPU.Build.0 = Debug|Any CPU
		{E447AEAA-BBE2-4EBA-8D77-FD2D65DDEDFF}.Release|Any CPU.ActiveCfg = Release|Any CPU
		{E447AEAA-BBE2-4EBA-8D77-FD2D65DDEDFF}.Release|Any CPU.Build.0 = Release|Any CPU
		{584FA1AE-08C1-4C39-B6F3-8EC084697536}.Debug|Any CPU.ActiveCfg = Debug|Any CPU
		{584FA1AE-08C1-4C39-B6F3-8EC084697536}.Debug|Any CPU.Build.0 = Debug|Any CPU
		{584FA1AE-08C1-4C39-B6F3-8EC084697536}.Release|Any CPU.ActiveCfg = Release|Any CPU
		{584FA1AE-08C1-4C39-B6F3-8EC084697536}.Release|Any CPU.Build.0 = Release|Any CPU
		{256B5315-1923-43EF-8F00-592342AF2E6E}.Debug|Any CPU.ActiveCfg = Debug|Any CPU
		{256B5315-1923-43EF-8F00-592342AF2E6E}.Debug|Any CPU.Build.0 = Debug|Any CPU
		{256B5315-1923-43EF-8F00-592342AF2E6E}.Release|Any CPU.ActiveCfg = Release|Any CPU
		{256B5315-1923-43EF-8F00-592342AF2E6E}.Release|Any CPU.Build.0 = Release|Any CPU
	EndGlobalSection
EndGlobal
