
Microsoft Visual Studio Solution File, Format Version 12.00
# Visual Studio 15
VisualStudioVersion = 15.0.26124.0
MinimumVisualStudioVersion = 15.0.26124.0
Project("{FAE04EC0-301F-11D3-BF4B-00C04F79EFBC}") = "01.NumbersFrom1to100", "01.NumbersFrom1to100\01.NumbersFrom1to100.csproj", "{F6B35FC0-F7E9-4A82-B77F-8CB077ADF844}"
EndProject
Project("{FAE04EC0-301F-11D3-BF4B-00C04F79EFBC}") = "02.Numbers1ToN", "02.Numbers1ToN\02.Numbers1ToN.csproj", "{EDED027D-6DE9-471F-B9A1-B2A902FD4080}"
EndProject
Project("{FAE04EC0-301F-11D3-BF4B-00C04F79EFBC}") = "03.Numbers1ToNWithStep3", "03.Numbers1ToNWithStep3\03.Numbers1ToNWithStep3.csproj", "{2AC46344-038A-4F48-ACE9-B85B4BDAB579}"
EndProject
Project("{FAE04EC0-301F-11D3-BF4B-00C04F79EFBC}") = "04.EvenPowersOf2", "04.EvenPowersOf2\04.EvenPowersOf2.csproj", "{728539FA-DC2A-4E4F-9377-2A54EC476506}"
EndProject
Project("{FAE04EC0-301F-11D3-BF4B-00C04F79EFBC}") = "05.CharacterSequence", "05.CharacterSequence\05.CharacterSequence.csproj", "{87CFC280-5D39-4022-8759-F54E6F7034CF}"
EndProject
Project("{FAE04EC0-301F-11D3-BF4B-00C04F79EFBC}") = "06.VowelsSum", "06.VowelsSum\06.VowelsSum.csproj", "{2FFC1F38-5647-4A62-BF91-32A5044436E2}"
EndProject
Project("{FAE04EC0-301F-11D3-BF4B-00C04F79EFBC}") = "07.SumNumbers", "07.SumNumbers\07.SumNumbers.csproj", "{5318F69D-F140-4C89-BFA6-A920BB7E6BBD}"
EndProject
Project("{FAE04EC0-301F-11D3-BF4B-00C04F79EFBC}") = "08.NumberSequence", "08.NumberSequence\08.NumberSequence.csproj", "{C2B48303-EE81-4837-8425-7E0F814C7AB1}"
EndProject
Project("{FAE04EC0-301F-11D3-BF4B-00C04F79EFBC}") = "09.LeftAndRightSum", "09.LeftAndRightSum\09.LeftAndRightSum.csproj", "{9CDEE1F7-3D29-4D79-9E50-571DE3DE7816}"
EndProject
Project("{FAE04EC0-301F-11D3-BF4B-00C04F79EFBC}") = "10.OddEvenSum", "10.OddEvenSum\10.OddEvenSum.csproj", "{5E58F081-829C-4ABA-9846-AD5A455A62BD}"
EndProject
Project("{FAE04EC0-301F-11D3-BF4B-00C04F79EFBC}") = "11.CleverLily", "11.CleverLily\11.CleverLily.csproj", "{A39BB772-6299-45DD-A429-F3C896EF99C1}"
EndProject
Global
	GlobalSection(SolutionConfigurationPlatforms) = preSolution
		Debug|Any CPU = Debug|Any CPU
		Debug|x64 = Debug|x64
		Debug|x86 = Debug|x86
		Release|Any CPU = Release|Any CPU
		Release|x64 = Release|x64
		Release|x86 = Release|x86
	EndGlobalSection
	GlobalSection(SolutionProperties) = preSolution
		HideSolutionNode = FALSE
	EndGlobalSection
	GlobalSection(ProjectConfigurationPlatforms) = postSolution
		{F6B35FC0-F7E9-4A82-B77F-8CB077ADF844}.Debug|Any CPU.ActiveCfg = Debug|Any CPU
		{F6B35FC0-F7E9-4A82-B77F-8CB077ADF844}.Debug|Any CPU.Build.0 = Debug|Any CPU
		{F6B35FC0-F7E9-4A82-B77F-8CB077ADF844}.Debug|x64.ActiveCfg = Debug|Any CPU
		{F6B35FC0-F7E9-4A82-B77F-8CB077ADF844}.Debug|x64.Build.0 = Debug|Any CPU
		{F6B35FC0-F7E9-4A82-B77F-8CB077ADF844}.Debug|x86.ActiveCfg = Debug|Any CPU
		{F6B35FC0-F7E9-4A82-B77F-8CB077ADF844}.Debug|x86.Build.0 = Debug|Any CPU
		{F6B35FC0-F7E9-4A82-B77F-8CB077ADF844}.Release|Any CPU.ActiveCfg = Release|Any CPU
		{F6B35FC0-F7E9-4A82-B77F-8CB077ADF844}.Release|Any CPU.Build.0 = Release|Any CPU
		{F6B35FC0-F7E9-4A82-B77F-8CB077ADF844}.Release|x64.ActiveCfg = Release|Any CPU
		{F6B35FC0-F7E9-4A82-B77F-8CB077ADF844}.Release|x64.Build.0 = Release|Any CPU
		{F6B35FC0-F7E9-4A82-B77F-8CB077ADF844}.Release|x86.ActiveCfg = Release|Any CPU
		{F6B35FC0-F7E9-4A82-B77F-8CB077ADF844}.Release|x86.Build.0 = Release|Any CPU
		{EDED027D-6DE9-471F-B9A1-B2A902FD4080}.Debug|Any CPU.ActiveCfg = Debug|Any CPU
		{EDED027D-6DE9-471F-B9A1-B2A902FD4080}.Debug|Any CPU.Build.0 = Debug|Any CPU
		{EDED027D-6DE9-471F-B9A1-B2A902FD4080}.Debug|x64.ActiveCfg = Debug|Any CPU
		{EDED027D-6DE9-471F-B9A1-B2A902FD4080}.Debug|x64.Build.0 = Debug|Any CPU
		{EDED027D-6DE9-471F-B9A1-B2A902FD4080}.Debug|x86.ActiveCfg = Debug|Any CPU
		{EDED027D-6DE9-471F-B9A1-B2A902FD4080}.Debug|x86.Build.0 = Debug|Any CPU
		{EDED027D-6DE9-471F-B9A1-B2A902FD4080}.Release|Any CPU.ActiveCfg = Release|Any CPU
		{EDED027D-6DE9-471F-B9A1-B2A902FD4080}.Release|Any CPU.Build.0 = Release|Any CPU
		{EDED027D-6DE9-471F-B9A1-B2A902FD4080}.Release|x64.ActiveCfg = Release|Any CPU
		{EDED027D-6DE9-471F-B9A1-B2A902FD4080}.Release|x64.Build.0 = Release|Any CPU
		{EDED027D-6DE9-471F-B9A1-B2A902FD4080}.Release|x86.ActiveCfg = Release|Any CPU
		{EDED027D-6DE9-471F-B9A1-B2A902FD4080}.Release|x86.Build.0 = Release|Any CPU
		{2AC46344-038A-4F48-ACE9-B85B4BDAB579}.Debug|Any CPU.ActiveCfg = Debug|Any CPU
		{2AC46344-038A-4F48-ACE9-B85B4BDAB579}.Debug|Any CPU.Build.0 = Debug|Any CPU
		{2AC46344-038A-4F48-ACE9-B85B4BDAB579}.Debug|x64.ActiveCfg = Debug|Any CPU
		{2AC46344-038A-4F48-ACE9-B85B4BDAB579}.Debug|x64.Build.0 = Debug|Any CPU
		{2AC46344-038A-4F48-ACE9-B85B4BDAB579}.Debug|x86.ActiveCfg = Debug|Any CPU
		{2AC46344-038A-4F48-ACE9-B85B4BDAB579}.Debug|x86.Build.0 = Debug|Any CPU
		{2AC46344-038A-4F48-ACE9-B85B4BDAB579}.Release|Any CPU.ActiveCfg = Release|Any CPU
		{2AC46344-038A-4F48-ACE9-B85B4BDAB579}.Release|Any CPU.Build.0 = Release|Any CPU
		{2AC46344-038A-4F48-ACE9-B85B4BDAB579}.Release|x64.ActiveCfg = Release|Any CPU
		{2AC46344-038A-4F48-ACE9-B85B4BDAB579}.Release|x64.Build.0 = Release|Any CPU
		{2AC46344-038A-4F48-ACE9-B85B4BDAB579}.Release|x86.ActiveCfg = Release|Any CPU
		{2AC46344-038A-4F48-ACE9-B85B4BDAB579}.Release|x86.Build.0 = Release|Any CPU
		{728539FA-DC2A-4E4F-9377-2A54EC476506}.Debug|Any CPU.ActiveCfg = Debug|Any CPU
		{728539FA-DC2A-4E4F-9377-2A54EC476506}.Debug|Any CPU.Build.0 = Debug|Any CPU
		{728539FA-DC2A-4E4F-9377-2A54EC476506}.Debug|x64.ActiveCfg = Debug|Any CPU
		{728539FA-DC2A-4E4F-9377-2A54EC476506}.Debug|x64.Build.0 = Debug|Any CPU
		{728539FA-DC2A-4E4F-9377-2A54EC476506}.Debug|x86.ActiveCfg = Debug|Any CPU
		{728539FA-DC2A-4E4F-9377-2A54EC476506}.Debug|x86.Build.0 = Debug|Any CPU
		{728539FA-DC2A-4E4F-9377-2A54EC476506}.Release|Any CPU.ActiveCfg = Release|Any CPU
		{728539FA-DC2A-4E4F-9377-2A54EC476506}.Release|Any CPU.Build.0 = Release|Any CPU
		{728539FA-DC2A-4E4F-9377-2A54EC476506}.Release|x64.ActiveCfg = Release|Any CPU
		{728539FA-DC2A-4E4F-9377-2A54EC476506}.Release|x64.Build.0 = Release|Any CPU
		{728539FA-DC2A-4E4F-9377-2A54EC476506}.Release|x86.ActiveCfg = Release|Any CPU
		{728539FA-DC2A-4E4F-9377-2A54EC476506}.Release|x86.Build.0 = Release|Any CPU
		{87CFC280-5D39-4022-8759-F54E6F7034CF}.Debug|Any CPU.ActiveCfg = Debug|Any CPU
		{87CFC280-5D39-4022-8759-F54E6F7034CF}.Debug|Any CPU.Build.0 = Debug|Any CPU
		{87CFC280-5D39-4022-8759-F54E6F7034CF}.Debug|x64.ActiveCfg = Debug|Any CPU
		{87CFC280-5D39-4022-8759-F54E6F7034CF}.Debug|x64.Build.0 = Debug|Any CPU
		{87CFC280-5D39-4022-8759-F54E6F7034CF}.Debug|x86.ActiveCfg = Debug|Any CPU
		{87CFC280-5D39-4022-8759-F54E6F7034CF}.Debug|x86.Build.0 = Debug|Any CPU
		{87CFC280-5D39-4022-8759-F54E6F7034CF}.Release|Any CPU.ActiveCfg = Release|Any CPU
		{87CFC280-5D39-4022-8759-F54E6F7034CF}.Release|Any CPU.Build.0 = Release|Any CPU
		{87CFC280-5D39-4022-8759-F54E6F7034CF}.Release|x64.ActiveCfg = Release|Any CPU
		{87CFC280-5D39-4022-8759-F54E6F7034CF}.Release|x64.Build.0 = Release|Any CPU
		{87CFC280-5D39-4022-8759-F54E6F7034CF}.Release|x86.ActiveCfg = Release|Any CPU
		{87CFC280-5D39-4022-8759-F54E6F7034CF}.Release|x86.Build.0 = Release|Any CPU
		{2FFC1F38-5647-4A62-BF91-32A5044436E2}.Debug|Any CPU.ActiveCfg = Debug|Any CPU
		{2FFC1F38-5647-4A62-BF91-32A5044436E2}.Debug|Any CPU.Build.0 = Debug|Any CPU
		{2FFC1F38-5647-4A62-BF91-32A5044436E2}.Debug|x64.ActiveCfg = Debug|Any CPU
		{2FFC1F38-5647-4A62-BF91-32A5044436E2}.Debug|x64.Build.0 = Debug|Any CPU
		{2FFC1F38-5647-4A62-BF91-32A5044436E2}.Debug|x86.ActiveCfg = Debug|Any CPU
		{2FFC1F38-5647-4A62-BF91-32A5044436E2}.Debug|x86.Build.0 = Debug|Any CPU
		{2FFC1F38-5647-4A62-BF91-32A5044436E2}.Release|Any CPU.ActiveCfg = Release|Any CPU
		{2FFC1F38-5647-4A62-BF91-32A5044436E2}.Release|Any CPU.Build.0 = Release|Any CPU
		{2FFC1F38-5647-4A62-BF91-32A5044436E2}.Release|x64.ActiveCfg = Release|Any CPU
		{2FFC1F38-5647-4A62-BF91-32A5044436E2}.Release|x64.Build.0 = Release|Any CPU
		{2FFC1F38-5647-4A62-BF91-32A5044436E2}.Release|x86.ActiveCfg = Release|Any CPU
		{2FFC1F38-5647-4A62-BF91-32A5044436E2}.Release|x86.Build.0 = Release|Any CPU
		{5318F69D-F140-4C89-BFA6-A920BB7E6BBD}.Debug|Any CPU.ActiveCfg = Debug|Any CPU
		{5318F69D-F140-4C89-BFA6-A920BB7E6BBD}.Debug|Any CPU.Build.0 = Debug|Any CPU
		{5318F69D-F140-4C89-BFA6-A920BB7E6BBD}.Debug|x64.ActiveCfg = Debug|Any CPU
		{5318F69D-F140-4C89-BFA6-A920BB7E6BBD}.Debug|x64.Build.0 = Debug|Any CPU
		{5318F69D-F140-4C89-BFA6-A920BB7E6BBD}.Debug|x86.ActiveCfg = Debug|Any CPU
		{5318F69D-F140-4C89-BFA6-A920BB7E6BBD}.Debug|x86.Build.0 = Debug|Any CPU
		{5318F69D-F140-4C89-BFA6-A920BB7E6BBD}.Release|Any CPU.ActiveCfg = Release|Any CPU
		{5318F69D-F140-4C89-BFA6-A920BB7E6BBD}.Release|Any CPU.Build.0 = Release|Any CPU
		{5318F69D-F140-4C89-BFA6-A920BB7E6BBD}.Release|x64.ActiveCfg = Release|Any CPU
		{5318F69D-F140-4C89-BFA6-A920BB7E6BBD}.Release|x64.Build.0 = Release|Any CPU
		{5318F69D-F140-4C89-BFA6-A920BB7E6BBD}.Release|x86.ActiveCfg = Release|Any CPU
		{5318F69D-F140-4C89-BFA6-A920BB7E6BBD}.Release|x86.Build.0 = Release|Any CPU
		{C2B48303-EE81-4837-8425-7E0F814C7AB1}.Debug|Any CPU.ActiveCfg = Debug|Any CPU
		{C2B48303-EE81-4837-8425-7E0F814C7AB1}.Debug|Any CPU.Build.0 = Debug|Any CPU
		{C2B48303-EE81-4837-8425-7E0F814C7AB1}.Debug|x64.ActiveCfg = Debug|Any CPU
		{C2B48303-EE81-4837-8425-7E0F814C7AB1}.Debug|x64.Build.0 = Debug|Any CPU
		{C2B48303-EE81-4837-8425-7E0F814C7AB1}.Debug|x86.ActiveCfg = Debug|Any CPU
		{C2B48303-EE81-4837-8425-7E0F814C7AB1}.Debug|x86.Build.0 = Debug|Any CPU
		{C2B48303-EE81-4837-8425-7E0F814C7AB1}.Release|Any CPU.ActiveCfg = Release|Any CPU
		{C2B48303-EE81-4837-8425-7E0F814C7AB1}.Release|Any CPU.Build.0 = Release|Any CPU
		{C2B48303-EE81-4837-8425-7E0F814C7AB1}.Release|x64.ActiveCfg = Release|Any CPU
		{C2B48303-EE81-4837-8425-7E0F814C7AB1}.Release|x64.Build.0 = Release|Any CPU
		{C2B48303-EE81-4837-8425-7E0F814C7AB1}.Release|x86.ActiveCfg = Release|Any CPU
		{C2B48303-EE81-4837-8425-7E0F814C7AB1}.Release|x86.Build.0 = Release|Any CPU
		{9CDEE1F7-3D29-4D79-9E50-571DE3DE7816}.Debug|Any CPU.ActiveCfg = Debug|Any CPU
		{9CDEE1F7-3D29-4D79-9E50-571DE3DE7816}.Debug|Any CPU.Build.0 = Debug|Any CPU
		{9CDEE1F7-3D29-4D79-9E50-571DE3DE7816}.Debug|x64.ActiveCfg = Debug|Any CPU
		{9CDEE1F7-3D29-4D79-9E50-571DE3DE7816}.Debug|x64.Build.0 = Debug|Any CPU
		{9CDEE1F7-3D29-4D79-9E50-571DE3DE7816}.Debug|x86.ActiveCfg = Debug|Any CPU
		{9CDEE1F7-3D29-4D79-9E50-571DE3DE7816}.Debug|x86.Build.0 = Debug|Any CPU
		{9CDEE1F7-3D29-4D79-9E50-571DE3DE7816}.Release|Any CPU.ActiveCfg = Release|Any CPU
		{9CDEE1F7-3D29-4D79-9E50-571DE3DE7816}.Release|Any CPU.Build.0 = Release|Any CPU
		{9CDEE1F7-3D29-4D79-9E50-571DE3DE7816}.Release|x64.ActiveCfg = Release|Any CPU
		{9CDEE1F7-3D29-4D79-9E50-571DE3DE7816}.Release|x64.Build.0 = Release|Any CPU
		{9CDEE1F7-3D29-4D79-9E50-571DE3DE7816}.Release|x86.ActiveCfg = Release|Any CPU
		{9CDEE1F7-3D29-4D79-9E50-571DE3DE7816}.Release|x86.Build.0 = Release|Any CPU
		{5E58F081-829C-4ABA-9846-AD5A455A62BD}.Debug|Any CPU.ActiveCfg = Debug|Any CPU
		{5E58F081-829C-4ABA-9846-AD5A455A62BD}.Debug|Any CPU.Build.0 = Debug|Any CPU
		{5E58F081-829C-4ABA-9846-AD5A455A62BD}.Debug|x64.ActiveCfg = Debug|Any CPU
		{5E58F081-829C-4ABA-9846-AD5A455A62BD}.Debug|x64.Build.0 = Debug|Any CPU
		{5E58F081-829C-4ABA-9846-AD5A455A62BD}.Debug|x86.ActiveCfg = Debug|Any CPU
		{5E58F081-829C-4ABA-9846-AD5A455A62BD}.Debug|x86.Build.0 = Debug|Any CPU
		{5E58F081-829C-4ABA-9846-AD5A455A62BD}.Release|Any CPU.ActiveCfg = Release|Any CPU
		{5E58F081-829C-4ABA-9846-AD5A455A62BD}.Release|Any CPU.Build.0 = Release|Any CPU
		{5E58F081-829C-4ABA-9846-AD5A455A62BD}.Release|x64.ActiveCfg = Release|Any CPU
		{5E58F081-829C-4ABA-9846-AD5A455A62BD}.Release|x64.Build.0 = Release|Any CPU
		{5E58F081-829C-4ABA-9846-AD5A455A62BD}.Release|x86.ActiveCfg = Release|Any CPU
		{5E58F081-829C-4ABA-9846-AD5A455A62BD}.Release|x86.Build.0 = Release|Any CPU
		{A39BB772-6299-45DD-A429-F3C896EF99C1}.Debug|Any CPU.ActiveCfg = Debug|Any CPU
		{A39BB772-6299-45DD-A429-F3C896EF99C1}.Debug|Any CPU.Build.0 = Debug|Any CPU
		{A39BB772-6299-45DD-A429-F3C896EF99C1}.Debug|x64.ActiveCfg = Debug|Any CPU
		{A39BB772-6299-45DD-A429-F3C896EF99C1}.Debug|x64.Build.0 = Debug|Any CPU
		{A39BB772-6299-45DD-A429-F3C896EF99C1}.Debug|x86.ActiveCfg = Debug|Any CPU
		{A39BB772-6299-45DD-A429-F3C896EF99C1}.Debug|x86.Build.0 = Debug|Any CPU
		{A39BB772-6299-45DD-A429-F3C896EF99C1}.Release|Any CPU.ActiveCfg = Release|Any CPU
		{A39BB772-6299-45DD-A429-F3C896EF99C1}.Release|Any CPU.Build.0 = Release|Any CPU
		{A39BB772-6299-45DD-A429-F3C896EF99C1}.Release|x64.ActiveCfg = Release|Any CPU
		{A39BB772-6299-45DD-A429-F3C896EF99C1}.Release|x64.Build.0 = Release|Any CPU
		{A39BB772-6299-45DD-A429-F3C896EF99C1}.Release|x86.ActiveCfg = Release|Any CPU
		{A39BB772-6299-45DD-A429-F3C896EF99C1}.Release|x86.Build.0 = Release|Any CPU
	EndGlobalSection
EndGlobal
